
Microsoft Visual Studio Solution File, Format Version 12.00
# Visual Studio Version 16
VisualStudioVersion = 16.0.30114.105
MinimumVisualStudioVersion = 10.0.40219.1
Project("{FAE04EC0-301F-11D3-BF4B-00C04F79EFBC}") = "ProEventos.Application", "ProEventos.Application\ProEventos.Application.csproj", "{DC76CD15-B169-4991-87A4-74DA75B9A75E}"
EndProject
Project("{FAE04EC0-301F-11D3-BF4B-00C04F79EFBC}") = "ProEventos.Domain", "ProEventos.Domain\ProEventos.Domain.csproj", "{194716C6-A4AA-4B27-B6D6-4A15F36CF8D7}"
EndProject
Project("{FAE04EC0-301F-11D3-BF4B-00C04F79EFBC}") = "ProEventos.Persistence", "ProEventos.Persistence\ProEventos.Persistence.csproj", "{75C0A620-859D-46AE-A333-37EB3EDBE4EB}"
EndProject
Project("{FAE04EC0-301F-11D3-BF4B-00C04F79EFBC}") = "ProEventos.API", "ProEventos.API\ProEventos.API.csproj", "{EF830B39-A348-46C9-A2C7-AA53328E3CC4}"
EndProject
Global
	GlobalSection(SolutionConfigurationPlatforms) = preSolution
		Debug|Any CPU = Debug|Any CPU
		Debug|x64 = Debug|x64
		Debug|x86 = Debug|x86
		Release|Any CPU = Release|Any CPU
		Release|x64 = Release|x64
		Release|x86 = Release|x86
	EndGlobalSection
	GlobalSection(SolutionProperties) = preSolution
		HideSolutionNode = FALSE
	EndGlobalSection
	GlobalSection(ProjectConfigurationPlatforms) = postSolution
		{DC76CD15-B169-4991-87A4-74DA75B9A75E}.Debug|Any CPU.ActiveCfg = Debug|Any CPU
		{DC76CD15-B169-4991-87A4-74DA75B9A75E}.Debug|Any CPU.Build.0 = Debug|Any CPU
		{DC76CD15-B169-4991-87A4-74DA75B9A75E}.Debug|x64.ActiveCfg = Debug|Any CPU
		{DC76CD15-B169-4991-87A4-74DA75B9A75E}.Debug|x64.Build.0 = Debug|Any CPU
		{DC76CD15-B169-4991-87A4-74DA75B9A75E}.Debug|x86.ActiveCfg = Debug|Any CPU
		{DC76CD15-B169-4991-87A4-74DA75B9A75E}.Debug|x86.Build.0 = Debug|Any CPU
		{DC76CD15-B169-4991-87A4-74DA75B9A75E}.Release|Any CPU.ActiveCfg = Release|Any CPU
		{DC76CD15-B169-4991-87A4-74DA75B9A75E}.Release|Any CPU.Build.0 = Release|Any CPU
		{DC76CD15-B169-4991-87A4-74DA75B9A75E}.Release|x64.ActiveCfg = Release|Any CPU
		{DC76CD15-B169-4991-87A4-74DA75B9A75E}.Release|x64.Build.0 = Release|Any CPU
		{DC76CD15-B169-4991-87A4-74DA75B9A75E}.Release|x86.ActiveCfg = Release|Any CPU
		{DC76CD15-B169-4991-87A4-74DA75B9A75E}.Release|x86.Build.0 = Release|Any CPU
		{194716C6-A4AA-4B27-B6D6-4A15F36CF8D7}.Debug|Any CPU.ActiveCfg = Debug|Any CPU
		{194716C6-A4AA-4B27-B6D6-4A15F36CF8D7}.Debug|Any CPU.Build.0 = Debug|Any CPU
		{194716C6-A4AA-4B27-B6D6-4A15F36CF8D7}.Debug|x64.ActiveCfg = Debug|Any CPU
		{194716C6-A4AA-4B27-B6D6-4A15F36CF8D7}.Debug|x64.Build.0 = Debug|Any CPU
		{194716C6-A4AA-4B27-B6D6-4A15F36CF8D7}.Debug|x86.ActiveCfg = Debug|Any CPU
		{194716C6-A4AA-4B27-B6D6-4A15F36CF8D7}.Debug|x86.Build.0 = Debug|Any CPU
		{194716C6-A4AA-4B27-B6D6-4A15F36CF8D7}.Release|Any CPU.ActiveCfg = Release|Any CPU
		{194716C6-A4AA-4B27-B6D6-4A15F36CF8D7}.Release|Any CPU.Build.0 = Release|Any CPU
		{194716C6-A4AA-4B27-B6D6-4A15F36CF8D7}.Release|x64.ActiveCfg = Release|Any CPU
		{194716C6-A4AA-4B27-B6D6-4A15F36CF8D7}.Release|x64.Build.0 = Release|Any CPU
		{194716C6-A4AA-4B27-B6D6-4A15F36CF8D7}.Release|x86.ActiveCfg = Release|Any CPU
		{194716C6-A4AA-4B27-B6D6-4A15F36CF8D7}.Release|x86.Build.0 = Release|Any CPU
		{75C0A620-859D-46AE-A333-37EB3EDBE4EB}.Debug|Any CPU.ActiveCfg = Debug|Any CPU
		{75C0A620-859D-46AE-A333-37EB3EDBE4EB}.Debug|Any CPU.Build.0 = Debug|Any CPU
		{75C0A620-859D-46AE-A333-37EB3EDBE4EB}.Debug|x64.ActiveCfg = Debug|Any CPU
		{75C0A620-859D-46AE-A333-37EB3EDBE4EB}.Debug|x64.Build.0 = Debug|Any CPU
		{75C0A620-859D-46AE-A333-37EB3EDBE4EB}.Debug|x86.ActiveCfg = Debug|Any CPU
		{75C0A620-859D-46AE-A333-37EB3EDBE4EB}.Debug|x86.Build.0 = Debug|Any CPU
		{75C0A620-859D-46AE-A333-37EB3EDBE4EB}.Release|Any CPU.ActiveCfg = Release|Any CPU
		{75C0A620-859D-46AE-A333-37EB3EDBE4EB}.Release|Any CPU.Build.0 = Release|Any CPU
		{75C0A620-859D-46AE-A333-37EB3EDBE4EB}.Release|x64.ActiveCfg = Release|Any CPU
		{75C0A620-859D-46AE-A333-37EB3EDBE4EB}.Release|x64.Build.0 = Release|Any CPU
		{75C0A620-859D-46AE-A333-37EB3EDBE4EB}.Release|x86.ActiveCfg = Release|Any CPU
		{75C0A620-859D-46AE-A333-37EB3EDBE4EB}.Release|x86.Build.0 = Release|Any CPU
		{EF830B39-A348-46C9-A2C7-AA53328E3CC4}.Debug|Any CPU.ActiveCfg = Debug|Any CPU
		{EF830B39-A348-46C9-A2C7-AA53328E3CC4}.Debug|Any CPU.Build.0 = Debug|Any CPU
		{EF830B39-A348-46C9-A2C7-AA53328E3CC4}.Debug|x64.ActiveCfg = Debug|Any CPU
		{EF830B39-A348-46C9-A2C7-AA53328E3CC4}.Debug|x64.Build.0 = Debug|Any CPU
		{EF830B39-A348-46C9-A2C7-AA53328E3CC4}.Debug|x86.ActiveCfg = Debug|Any CPU
		{EF830B39-A348-46C9-A2C7-AA53328E3CC4}.Debug|x86.Build.0 = Debug|Any CPU
		{EF830B39-A348-46C9-A2C7-AA53328E3CC4}.Release|Any CPU.ActiveCfg = Release|Any CPU
		{EF830B39-A348-46C9-A2C7-AA53328E3CC4}.Release|Any CPU.Build.0 = Release|Any CPU
		{EF830B39-A348-46C9-A2C7-AA53328E3CC4}.Release|x64.ActiveCfg = Release|Any CPU
		{EF830B39-A348-46C9-A2C7-AA53328E3CC4}.Release|x64.Build.0 = Release|Any CPU
		{EF830B39-A348-46C9-A2C7-AA53328E3CC4}.Release|x86.ActiveCfg = Release|Any CPU
		{EF830B39-A348-46C9-A2C7-AA53328E3CC4}.Release|x86.Build.0 = Release|Any CPU
	EndGlobalSection
EndGlobal
